
Microsoft Visual Studio Solution File, Format Version 12.00
# Visual Studio Version 17
VisualStudioVersion = 17.5.33414.496
MinimumVisualStudioVersion = 10.0.40219.1
Project("{FAE04EC0-301F-11D3-BF4B-00C04F79EFBC}") = "WebApplication1", "API\WebApplication1.csproj", "{25F75348-CC9B-495C-A82B-BC47FD5CF3D6}"
EndProject
Project("{FAE04EC0-301F-11D3-BF4B-00C04F79EFBC}") = "User.Dal", "User.Dal\User.Dal.csproj", "{5319A193-424C-43C4-AD71-1ACCEB7B0E1D}"
EndProject
Project("{FAE04EC0-301F-11D3-BF4B-00C04F79EFBC}") = "User.Dal.MySql", "User.Dal.MySql\User.Dal.MySql.csproj", "{677E0EE9-F1D8-4900-BB39-432176C53A03}"
EndProject
Project("{2150E333-8FDC-42A3-9474-1A3956D46DE8}") = "Bank", "Bank", "{EEE2C8B2-187D-4E3B-BB64-38868CD0B8D5}"
EndProject
Project("{FAE04EC0-301F-11D3-BF4B-00C04F79EFBC}") = "Authentication.Dal", "Authentication.Dal\Authentication.Dal.csproj", "{86EAE252-585F-4917-82F7-9F858BD441FA}"
EndProject
Project("{FAE04EC0-301F-11D3-BF4B-00C04F79EFBC}") = "User.Core", "User.Core\User.Core.csproj", "{F1F0E970-3403-439B-8668-39B98BDAEBC9}"
EndProject
Project("{FAE04EC0-301F-11D3-BF4B-00C04F79EFBC}") = "Authentication.Dal.MySql", "Authentication.Dal.MySql\Authentication.Dal.MySql.csproj", "{4C369238-176C-4530-BA4D-4FBA1964750A}"
EndProject
Project("{FAE04EC0-301F-11D3-BF4B-00C04F79EFBC}") = "Authentication.Core", "Authentication.Core\Authentication.Core.csproj", "{68A9001A-E575-42E5-A3D4-E822A62F7455}"
EndProject
Global
	GlobalSection(SolutionConfigurationPlatforms) = preSolution
		Debug|Any CPU = Debug|Any CPU
		Release|Any CPU = Release|Any CPU
	EndGlobalSection
	GlobalSection(ProjectConfigurationPlatforms) = postSolution
		{25F75348-CC9B-495C-A82B-BC47FD5CF3D6}.Debug|Any CPU.ActiveCfg = Debug|Any CPU
		{25F75348-CC9B-495C-A82B-BC47FD5CF3D6}.Debug|Any CPU.Build.0 = Debug|Any CPU
		{25F75348-CC9B-495C-A82B-BC47FD5CF3D6}.Release|Any CPU.ActiveCfg = Release|Any CPU
		{25F75348-CC9B-495C-A82B-BC47FD5CF3D6}.Release|Any CPU.Build.0 = Release|Any CPU
		{5319A193-424C-43C4-AD71-1ACCEB7B0E1D}.Debug|Any CPU.ActiveCfg = Debug|Any CPU
		{5319A193-424C-43C4-AD71-1ACCEB7B0E1D}.Debug|Any CPU.Build.0 = Debug|Any CPU
		{5319A193-424C-43C4-AD71-1ACCEB7B0E1D}.Release|Any CPU.ActiveCfg = Release|Any CPU
		{5319A193-424C-43C4-AD71-1ACCEB7B0E1D}.Release|Any CPU.Build.0 = Release|Any CPU
		{677E0EE9-F1D8-4900-BB39-432176C53A03}.Debug|Any CPU.ActiveCfg = Debug|Any CPU
		{677E0EE9-F1D8-4900-BB39-432176C53A03}.Debug|Any CPU.Build.0 = Debug|Any CPU
		{677E0EE9-F1D8-4900-BB39-432176C53A03}.Release|Any CPU.ActiveCfg = Release|Any CPU
		{677E0EE9-F1D8-4900-BB39-432176C53A03}.Release|Any CPU.Build.0 = Release|Any CPU
		{86EAE252-585F-4917-82F7-9F858BD441FA}.Debug|Any CPU.ActiveCfg = Debug|Any CPU
		{86EAE252-585F-4917-82F7-9F858BD441FA}.Debug|Any CPU.Build.0 = Debug|Any CPU
		{86EAE252-585F-4917-82F7-9F858BD441FA}.Release|Any CPU.ActiveCfg = Release|Any CPU
		{86EAE252-585F-4917-82F7-9F858BD441FA}.Release|Any CPU.Build.0 = Release|Any CPU
		{F1F0E970-3403-439B-8668-39B98BDAEBC9}.Debug|Any CPU.ActiveCfg = Debug|Any CPU
		{F1F0E970-3403-439B-8668-39B98BDAEBC9}.Debug|Any CPU.Build.0 = Debug|Any CPU
		{F1F0E970-3403-439B-8668-39B98BDAEBC9}.Release|Any CPU.ActiveCfg = Release|Any CPU
		{F1F0E970-3403-439B-8668-39B98BDAEBC9}.Release|Any CPU.Build.0 = Release|Any CPU
		{4C369238-176C-4530-BA4D-4FBA1964750A}.Debug|Any CPU.ActiveCfg = Debug|Any CPU
		{4C369238-176C-4530-BA4D-4FBA1964750A}.Debug|Any CPU.Build.0 = Debug|Any CPU
		{4C369238-176C-4530-BA4D-4FBA1964750A}.Release|Any CPU.ActiveCfg = Release|Any CPU
		{4C369238-176C-4530-BA4D-4FBA1964750A}.Release|Any CPU.Build.0 = Release|Any CPU
		{68A9001A-E575-42E5-A3D4-E822A62F7455}.Debug|Any CPU.ActiveCfg = Debug|Any CPU
		{68A9001A-E575-42E5-A3D4-E822A62F7455}.Debug|Any CPU.Build.0 = Debug|Any CPU
		{68A9001A-E575-42E5-A3D4-E822A62F7455}.Release|Any CPU.ActiveCfg = Release|Any CPU
		{68A9001A-E575-42E5-A3D4-E822A62F7455}.Release|Any CPU.Build.0 = Release|Any CPU
	EndGlobalSection
	GlobalSection(SolutionProperties) = preSolution
		HideSolutionNode = FALSE
	EndGlobalSection
	GlobalSection(ExtensibilityGlobals) = postSolution
		SolutionGuid = {23E84B54-6902-474E-8D2E-F1F04367E92F}
	EndGlobalSection
	GlobalSection(NestedProjects) = preSolution
		{5319A193-424C-43C4-AD71-1ACCEB7B0E1D} = {EEE2C8B2-187D-4E3B-BB64-38868CD0B8D5}
		{677E0EE9-F1D8-4900-BB39-432176C53A03} = {EEE2C8B2-187D-4E3B-BB64-38868CD0B8D5}
		{86EAE252-585F-4917-82F7-9F858BD441FA} = {EEE2C8B2-187D-4E3B-BB64-38868CD0B8D5}
		{F1F0E970-3403-439B-8668-39B98BDAEBC9} = {EEE2C8B2-187D-4E3B-BB64-38868CD0B8D5}
		{4C369238-176C-4530-BA4D-4FBA1964750A} = {EEE2C8B2-187D-4E3B-BB64-38868CD0B8D5}
		{68A9001A-E575-42E5-A3D4-E822A62F7455} = {EEE2C8B2-187D-4E3B-BB64-38868CD0B8D5}
	EndGlobalSection
EndGlobal
